
Microsoft Visual Studio Solution File, Format Version 12.00
# Visual Studio Version 16
VisualStudioVersion = 16.0.30114.105
MinimumVisualStudioVersion = 10.0.40219.1
Project("{2150E333-8FDC-42A3-9474-1A3956D46DE8}") = "Parser", "Parser", "{A0962CBC-0C61-460D-B3BD-FD91AC8D1577}"
EndProject
Project("{FAE04EC0-301F-11D3-BF4B-00C04F79EFBC}") = "Parser", "Parser\src\Parser.csproj", "{7E17DA52-B694-4525-9255-AA5BF3247DB7}"
EndProject
Project("{FAE04EC0-301F-11D3-BF4B-00C04F79EFBC}") = "Tests", "Parser\tests\Tests.csproj", "{4C8954D8-38FB-4074-99CB-C39A2FFB6E54}"
EndProject
Project("{2150E333-8FDC-42A3-9474-1A3956D46DE8}") = "Translation.Api", "Translation.Api", "{0195327D-8788-48B3-A50C-E71F6D03AECE}"
EndProject
Project("{FAE04EC0-301F-11D3-BF4B-00C04F79EFBC}") = "Contracts", "Translation.Api\Contracts\Contracts.csproj", "{C544E46E-1C29-4DC3-B907-4AFBE32E5852}"
EndProject
Project("{FAE04EC0-301F-11D3-BF4B-00C04F79EFBC}") = "Translation.Api", "Translation.Api\Api\Translation.Api.csproj", "{04471179-27D1-4184-B2FB-6AA0040A16F5}"
EndProject
Global
	GlobalSection(SolutionConfigurationPlatforms) = preSolution
		Debug|Any CPU = Debug|Any CPU
		Release|Any CPU = Release|Any CPU
	EndGlobalSection
	GlobalSection(SolutionProperties) = preSolution
		HideSolutionNode = FALSE
	EndGlobalSection
	GlobalSection(ProjectConfigurationPlatforms) = postSolution
		{7E17DA52-B694-4525-9255-AA5BF3247DB7}.Debug|Any CPU.ActiveCfg = Debug|Any CPU
		{7E17DA52-B694-4525-9255-AA5BF3247DB7}.Debug|Any CPU.Build.0 = Debug|Any CPU
		{7E17DA52-B694-4525-9255-AA5BF3247DB7}.Release|Any CPU.ActiveCfg = Release|Any CPU
		{7E17DA52-B694-4525-9255-AA5BF3247DB7}.Release|Any CPU.Build.0 = Release|Any CPU
		{4C8954D8-38FB-4074-99CB-C39A2FFB6E54}.Debug|Any CPU.ActiveCfg = Debug|Any CPU
		{4C8954D8-38FB-4074-99CB-C39A2FFB6E54}.Debug|Any CPU.Build.0 = Debug|Any CPU
		{4C8954D8-38FB-4074-99CB-C39A2FFB6E54}.Release|Any CPU.ActiveCfg = Release|Any CPU
		{4C8954D8-38FB-4074-99CB-C39A2FFB6E54}.Release|Any CPU.Build.0 = Release|Any CPU
		{C544E46E-1C29-4DC3-B907-4AFBE32E5852}.Debug|Any CPU.ActiveCfg = Debug|Any CPU
		{C544E46E-1C29-4DC3-B907-4AFBE32E5852}.Debug|Any CPU.Build.0 = Debug|Any CPU
		{C544E46E-1C29-4DC3-B907-4AFBE32E5852}.Release|Any CPU.ActiveCfg = Release|Any CPU
		{C544E46E-1C29-4DC3-B907-4AFBE32E5852}.Release|Any CPU.Build.0 = Release|Any CPU
		{04471179-27D1-4184-B2FB-6AA0040A16F5}.Debug|Any CPU.ActiveCfg = Debug|Any CPU
		{04471179-27D1-4184-B2FB-6AA0040A16F5}.Debug|Any CPU.Build.0 = Debug|Any CPU
		{04471179-27D1-4184-B2FB-6AA0040A16F5}.Release|Any CPU.ActiveCfg = Release|Any CPU
		{04471179-27D1-4184-B2FB-6AA0040A16F5}.Release|Any CPU.Build.0 = Release|Any CPU
	EndGlobalSection
	GlobalSection(NestedProjects) = preSolution
		{7E17DA52-B694-4525-9255-AA5BF3247DB7} = {A0962CBC-0C61-460D-B3BD-FD91AC8D1577}
		{4C8954D8-38FB-4074-99CB-C39A2FFB6E54} = {A0962CBC-0C61-460D-B3BD-FD91AC8D1577}
		{C544E46E-1C29-4DC3-B907-4AFBE32E5852} = {0195327D-8788-48B3-A50C-E71F6D03AECE}
		{04471179-27D1-4184-B2FB-6AA0040A16F5} = {0195327D-8788-48B3-A50C-E71F6D03AECE}
	EndGlobalSection
EndGlobal
